
Microsoft Visual Studio Solution File, Format Version 12.00
# Visual Studio Version 17
VisualStudioVersion = 17.9.34622.214
MinimumVisualStudioVersion = 10.0.40219.1
Project("{FAE04EC0-301F-11D3-BF4B-00C04F79EFBC}") = "App1", "..\App1\App1.csproj", "{B4D1E419-6E6F-4244-BA78-E603D740189C}"
EndProject
Project("{FAE04EC0-301F-11D3-BF4B-00C04F79EFBC}") = "App2", "..\App2\App2.csproj", "{0BA102DC-C8B4-4B27-9E5C-A70EC1F289B6}"
EndProject
Project("{FAE04EC0-301F-11D3-BF4B-00C04F79EFBC}") = "App3", "..\App3\App3.csproj", "{F0F243B6-F82F-451F-8A07-2DE141AAFB28}"
EndProject
Global
	GlobalSection(SolutionConfigurationPlatforms) = preSolution
		Debug|Any CPU = Debug|Any CPU
		Release|Any CPU = Release|Any CPU
	EndGlobalSection
	GlobalSection(ProjectConfigurationPlatforms) = postSolution
		{B4D1E419-6E6F-4244-BA78-E603D740189C}.Debug|Any CPU.ActiveCfg = Debug|Any CPU
		{B4D1E419-6E6F-4244-BA78-E603D740189C}.Debug|Any CPU.Build.0 = Debug|Any CPU
		{B4D1E419-6E6F-4244-BA78-E603D740189C}.Release|Any CPU.ActiveCfg = Release|Any CPU
		{B4D1E419-6E6F-4244-BA78-E603D740189C}.Release|Any CPU.Build.0 = Release|Any CPU
		{0BA102DC-C8B4-4B27-9E5C-A70EC1F289B6}.Debug|Any CPU.ActiveCfg = Debug|Any CPU
		{0BA102DC-C8B4-4B27-9E5C-A70EC1F289B6}.Debug|Any CPU.Build.0 = Debug|Any CPU
		{0BA102DC-C8B4-4B27-9E5C-A70EC1F289B6}.Release|Any CPU.ActiveCfg = Release|Any CPU
		{0BA102DC-C8B4-4B27-9E5C-A70EC1F289B6}.Release|Any CPU.Build.0 = Release|Any CPU
		{F0F243B6-F82F-451F-8A07-2DE141AAFB28}.Debug|Any CPU.ActiveCfg = Debug|Any CPU
		{F0F243B6-F82F-451F-8A07-2DE141AAFB28}.Debug|Any CPU.Build.0 = Debug|Any CPU
		{F0F243B6-F82F-451F-8A07-2DE141AAFB28}.Release|Any CPU.ActiveCfg = Release|Any CPU
		{F0F243B6-F82F-451F-8A07-2DE141AAFB28}.Release|Any CPU.Build.0 = Release|Any CPU
	EndGlobalSection
	GlobalSection(SolutionProperties) = preSolution
		HideSolutionNode = FALSE
	EndGlobalSection
	GlobalSection(ExtensibilityGlobals) = postSolution
		SolutionGuid = {DCA24F60-2BB6-4259-B7CA-4494AC060881}
	EndGlobalSection
EndGlobal
